
Microsoft Visual Studio Solution File, Format Version 12.00
# Visual Studio Version 16
VisualStudioVersion = 16.0.33423.256
MinimumVisualStudioVersion = 10.0.40219.1
Project("{FAE04EC0-301F-11D3-BF4B-00C04F79EFBC}") = "“wild_animals1”", "“wild_animals1”\“wild_animals1”.csproj", "{1FE8D40C-6AEF-4565-BD18-FA2C90367A3A}"
EndProject
Global
	GlobalSection(SolutionConfigurationPlatforms) = preSolution
		Debug|Any CPU = Debug|Any CPU
		Release|Any CPU = Release|Any CPU
	EndGlobalSection
	GlobalSection(ProjectConfigurationPlatforms) = postSolution
		{1FE8D40C-6AEF-4565-BD18-FA2C90367A3A}.Debug|Any CPU.ActiveCfg = Debug|Any CPU
		{1FE8D40C-6AEF-4565-BD18-FA2C90367A3A}.Debug|Any CPU.Build.0 = Debug|Any CPU
		{1FE8D40C-6AEF-4565-BD18-FA2C90367A3A}.Release|Any CPU.ActiveCfg = Release|Any CPU
		{1FE8D40C-6AEF-4565-BD18-FA2C90367A3A}.Release|Any CPU.Build.0 = Release|Any CPU
	EndGlobalSection
	GlobalSection(SolutionProperties) = preSolution
		HideSolutionNode = FALSE
	EndGlobalSection
	GlobalSection(ExtensibilityGlobals) = postSolution
		SolutionGuid = {1D01BB46-759D-44FE-ADC7-8B72631E3459}
	EndGlobalSection
EndGlobal
